
Microsoft Visual Studio Solution File, Format Version 12.00
# Visual Studio Version 17
VisualStudioVersion = 17.3.32929.385
MinimumVisualStudioVersion = 10.0.40219.1
Project("{9A19103F-16F7-4668-BE54-9A1E7A4F7556}") = "Achim_Daiana_Lab2Masterat", "Achim_Daiana_Lab2Masterat.csproj", "{A977AA07-3DE2-4675-8538-733BFFFC02D2}"
EndProject
Project("{9A19103F-16F7-4668-BE54-9A1E7A4F7556}") = "LibraryModel", "LibraryModel\LibraryModel.csproj", "{BD9F525A-051A-4555-A1F3-2EB17F95C323}"
EndProject
Project("{9A19103F-16F7-4668-BE54-9A1E7A4F7556}") = "LibraryWebAPI", "LibraryWebAPI\LibraryWebAPI.csproj", "{75360805-DFDC-430C-903A-1E23DA9FA6A3}"
EndProject
Global
	GlobalSection(SolutionConfigurationPlatforms) = preSolution
		Debug|Any CPU = Debug|Any CPU
		Release|Any CPU = Release|Any CPU
	EndGlobalSection
	GlobalSection(ProjectConfigurationPlatforms) = postSolution
		{A977AA07-3DE2-4675-8538-733BFFFC02D2}.Debug|Any CPU.ActiveCfg = Debug|Any CPU
		{A977AA07-3DE2-4675-8538-733BFFFC02D2}.Debug|Any CPU.Build.0 = Debug|Any CPU
		{A977AA07-3DE2-4675-8538-733BFFFC02D2}.Release|Any CPU.ActiveCfg = Release|Any CPU
		{A977AA07-3DE2-4675-8538-733BFFFC02D2}.Release|Any CPU.Build.0 = Release|Any CPU
		{BD9F525A-051A-4555-A1F3-2EB17F95C323}.Debug|Any CPU.ActiveCfg = Debug|Any CPU
		{BD9F525A-051A-4555-A1F3-2EB17F95C323}.Debug|Any CPU.Build.0 = Debug|Any CPU
		{BD9F525A-051A-4555-A1F3-2EB17F95C323}.Release|Any CPU.ActiveCfg = Release|Any CPU
		{BD9F525A-051A-4555-A1F3-2EB17F95C323}.Release|Any CPU.Build.0 = Release|Any CPU
		{75360805-DFDC-430C-903A-1E23DA9FA6A3}.Debug|Any CPU.ActiveCfg = Debug|Any CPU
		{75360805-DFDC-430C-903A-1E23DA9FA6A3}.Debug|Any CPU.Build.0 = Debug|Any CPU
		{75360805-DFDC-430C-903A-1E23DA9FA6A3}.Release|Any CPU.ActiveCfg = Release|Any CPU
		{75360805-DFDC-430C-903A-1E23DA9FA6A3}.Release|Any CPU.Build.0 = Release|Any CPU
	EndGlobalSection
	GlobalSection(SolutionProperties) = preSolution
		HideSolutionNode = FALSE
	EndGlobalSection
	GlobalSection(ExtensibilityGlobals) = postSolution
		SolutionGuid = {DD25FC60-7B15-4A83-98E7-09D04B5F9318}
	EndGlobalSection
EndGlobal
